github.com/google/uuid v1.3.0 h1:t6JiXgmwXMjEs8VusXIJk2BXHsn+wx8BZdTaoZ5fu7I=
github.com/google/uuid v1.3.0/go.mod h1:TIyPZe4MgqvfeYDBFedMoGGpEw/LqOeaOT+nhxU+yHo=
github.com/gorilla/mux v1.8.0 h1:i40aqfkR1h2SlN9hojwV5ZA91wcXFOvkdNIeFDP5koI=
github.com/gorilla/mux v1.8.0/go.mod h1:DVbg23sWSpFRCP0SfiEN6jmj59UnW/n46BH5rLB71So=
github.com/ngrok/ngrok-api-go/v4 v4.0.1 h1:VUf6FtDvfT4N7gqyCyilcnI0PMdFNSiCCtxyDSiFOtY=
github.com/ngrok/ngrok-api-go/v4 v4.0.1/go.mod h1:WobrY7FusLhKZRShryNqFLhX1X33A0BS7I/bPTy8wUM=
